
Microsoft Visual Studio Solution File, Format Version 12.00
# Visual Studio Version 17
VisualStudioVersion = 17.4.33205.214
MinimumVisualStudioVersion = 10.0.40219.1
Project("{FAE04EC0-301F-11D3-BF4B-00C04F79EFBC}") = "Paint", "Paint\Paint.csproj", "{C00977E1-5FBE-41FB-8A8E-4E1895462E16}"
EndProject
Global
	GlobalSection(SolutionConfigurationPlatforms) = preSolution
		Debug|Any CPU = Debug|Any CPU
		Release|Any CPU = Release|Any CPU
	EndGlobalSection
	GlobalSection(ProjectConfigurationPlatforms) = postSolution
		{C00977E1-5FBE-41FB-8A8E-4E1895462E16}.Debug|Any CPU.ActiveCfg = Debug|Any CPU
		{C00977E1-5FBE-41FB-8A8E-4E1895462E16}.Debug|Any CPU.Build.0 = Debug|Any CPU
		{C00977E1-5FBE-41FB-8A8E-4E1895462E16}.Release|Any CPU.ActiveCfg = Release|Any CPU
		{C00977E1-5FBE-41FB-8A8E-4E1895462E16}.Release|Any CPU.Build.0 = Release|Any CPU
	EndGlobalSection
	GlobalSection(SolutionProperties) = preSolution
		HideSolutionNode = FALSE
	EndGlobalSection
	GlobalSection(ExtensibilityGlobals) = postSolution
		SolutionGuid = {179E11DA-CE28-4E13-B321-B7338B1F23B4}
	EndGlobalSection
EndGlobal
